
Microsoft Visual Studio Solution File, Format Version 12.00
# Visual Studio 14
VisualStudioVersion = 14.0.23107.0
MinimumVisualStudioVersion = 10.0.40219.1
Project("{FAE04EC0-301F-11D3-BF4B-00C04F79EFBC}") = "JobPlayer", "JobPlayer\JobPlayer.csproj", "{76013CB6-991A-4E6C-AC33-11F831AEDEF1}"
EndProject
Project("{FAE04EC0-301F-11D3-BF4B-00C04F79EFBC}") = "CL.Manage.Data", "CL.Data.Manage\CL.Manage.Data.csproj", "{5000FC21-5E46-4300-834A-515C80BD4793}"
EndProject
Project("{FAE04EC0-301F-11D3-BF4B-00C04F79EFBC}") = "CL.Web.CnBlogs", "CL.Web.CnBlogs\CL.Web.CnBlogs.csproj", "{CEF768E1-244E-4242-B84A-2FBD0EBADF67}"
EndProject
Global
	GlobalSection(SolutionConfigurationPlatforms) = preSolution
		Debug|Any CPU = Debug|Any CPU
		Release|Any CPU = Release|Any CPU
	EndGlobalSection
	GlobalSection(ProjectConfigurationPlatforms) = postSolution
		{76013CB6-991A-4E6C-AC33-11F831AEDEF1}.Debug|Any CPU.ActiveCfg = Debug|Any CPU
		{76013CB6-991A-4E6C-AC33-11F831AEDEF1}.Debug|Any CPU.Build.0 = Debug|Any CPU
		{76013CB6-991A-4E6C-AC33-11F831AEDEF1}.Release|Any CPU.ActiveCfg = Release|Any CPU
		{76013CB6-991A-4E6C-AC33-11F831AEDEF1}.Release|Any CPU.Build.0 = Release|Any CPU
		{5000FC21-5E46-4300-834A-515C80BD4793}.Debug|Any CPU.ActiveCfg = Debug|Any CPU
		{5000FC21-5E46-4300-834A-515C80BD4793}.Debug|Any CPU.Build.0 = Debug|Any CPU
		{5000FC21-5E46-4300-834A-515C80BD4793}.Release|Any CPU.ActiveCfg = Release|Any CPU
		{5000FC21-5E46-4300-834A-515C80BD4793}.Release|Any CPU.Build.0 = Release|Any CPU
		{CEF768E1-244E-4242-B84A-2FBD0EBADF67}.Debug|Any CPU.ActiveCfg = Debug|Any CPU
		{CEF768E1-244E-4242-B84A-2FBD0EBADF67}.Debug|Any CPU.Build.0 = Debug|Any CPU
		{CEF768E1-244E-4242-B84A-2FBD0EBADF67}.Release|Any CPU.ActiveCfg = Release|Any CPU
		{CEF768E1-244E-4242-B84A-2FBD0EBADF67}.Release|Any CPU.Build.0 = Release|Any CPU
	EndGlobalSection
	GlobalSection(SolutionProperties) = preSolution
		HideSolutionNode = FALSE
	EndGlobalSection
EndGlobal
